Microsoft Visual Studio Solution File, Format Version 11.00
# Visual Studio 2008

Project("{3455C29B-A6FD-D047-B81B-DBE88532DAE7}") = "MemoryMonster", "Assembly-CSharp-firstpass.csproj", "{99EA87A8-CE9F-203A-79E4-9FC53858674B}"
EndProject
Project("{3455C29B-A6FD-D047-B81B-DBE88532DAE7}") = "MemoryMonster", "Assembly-CSharp.csproj", "{FAEEBEC8-AB14-9D15-0BDF-563A9C12C621}"
EndProject
Project("{3455C29B-A6FD-D047-B81B-DBE88532DAE7}") = "MemoryMonster", "Assembly-CSharp-Editor.csproj", "{5220E17D-7D9D-F751-B56C-95BF36FC92A5}"
EndProject
Global
	GlobalSection(SolutionConfigurationPlatforms) = preSolution
		Debug|Any CPU = Debug|Any CPU
		Release|Any CPU = Release|Any CPU
	EndGlobalSection
	GlobalSection(ProjectConfigurationPlatforms) = postSolution
		{99EA87A8-CE9F-203A-79E4-9FC53858674B}.Debug|Any CPU.ActiveCfg = Debug|Any CPU
		{99EA87A8-CE9F-203A-79E4-9FC53858674B}.Debug|Any CPU.Build.0 = Debug|Any CPU
		{99EA87A8-CE9F-203A-79E4-9FC53858674B}.Release|Any CPU.ActiveCfg = Release|Any CPU
		{99EA87A8-CE9F-203A-79E4-9FC53858674B}.Release|Any CPU.Build.0 = Release|Any CPU
		{FAEEBEC8-AB14-9D15-0BDF-563A9C12C621}.Debug|Any CPU.ActiveCfg = Debug|Any CPU
		{FAEEBEC8-AB14-9D15-0BDF-563A9C12C621}.Debug|Any CPU.Build.0 = Debug|Any CPU
		{FAEEBEC8-AB14-9D15-0BDF-563A9C12C621}.Release|Any CPU.ActiveCfg = Release|Any CPU
		{FAEEBEC8-AB14-9D15-0BDF-563A9C12C621}.Release|Any CPU.Build.0 = Release|Any CPU
		{5220E17D-7D9D-F751-B56C-95BF36FC92A5}.Debug|Any CPU.ActiveCfg = Debug|Any CPU
		{5220E17D-7D9D-F751-B56C-95BF36FC92A5}.Debug|Any CPU.Build.0 = Debug|Any CPU
		{5220E17D-7D9D-F751-B56C-95BF36FC92A5}.Release|Any CPU.ActiveCfg = Release|Any CPU
		{5220E17D-7D9D-F751-B56C-95BF36FC92A5}.Release|Any CPU.Build.0 = Release|Any CPU
	EndGlobalSection
	GlobalSection(SolutionProperties) = preSolution
		HideSolutionNode = FALSE
	EndGlobalSection
																																																																					GlobalSection(MonoDevelopProperties) = preSolution
		StartupItem = Assembly-CSharp.csproj
		Policies = $0
		$0.TextStylePolicy = $1
		$1.inheritsSet = null
		$1.scope = text/x-csharp
		$0.CSharpFormattingPolicy = $2
		$2.inheritsSet = Mono
		$2.inheritsScope = text/x-csharp
		$2.scope = text/x-csharp
		$0.TextStylePolicy = $3
		$3.FileWidth = 120
		$3.TabWidth = 4
		$3.IndentWidth = 4
		$3.EolMarker = Unix
		$3.inheritsSet = Mono
		$3.inheritsScope = text/plain
		$3.scope = text/plain
	EndGlobalSection

EndGlobal
